// !$*UTF8*$!
{
	archiveVersion = 1;
	classes = {
	};
	objectVersion = 50;
	objects = {

/* Begin PBXBuildFile section */
		572FC44724B4493000724827 /* RowView.swift in Sources */ = {isa = PBXBuildFile; fileRef = 572FC44624B4493000724827 /* RowView.swift */; };
		572FC44924B5738C00724827 /* TaskEditingView.swift in Sources */ = {isa = PBXBuildFile; fileRef = 572FC44824B5738C00724827 /* TaskEditingView.swift */; };
		575A560D24AC0B2100CAD18A /* AppDelegate.swift in Sources */ = {isa = PBXBuildFile; fileRef = 575A560C24AC0B2100CAD18A /* AppDelegate.swift */; };
		575A560F24AC0B2100CAD18A /* SceneDelegate.swift in Sources */ = {isa = PBXBuildFile; fileRef = 575A560E24AC0B2100CAD18A /* SceneDelegate.swift */; };
		575A561124AC0B2100CAD18A /* ContentView.swift in Sources */ = {isa = PBXBuildFile; fileRef = 575A561024AC0B2100CAD18A /* ContentView.swift */; };
		575A561324AC0B2300CAD18A /* Assets.xcassets in Resources */ = {isa = PBXBuildFile; fileRef = 575A561224AC0B2300CAD18A /* Assets.xcassets */; };
		575A561624AC0B2300CAD18A /* Preview Assets.xcassets in Resources */ = {isa = PBXBuildFile; fileRef = 575A561524AC0B2300CAD18A /* Preview Assets.xcassets */; };
		575A561924AC0B2300CAD18A /* LaunchScreen.storyboard in Resources */ = {isa = PBXBuildFile; fileRef = 575A561724AC0B2300CAD18A /* LaunchScreen.storyboard */; };
		575A562124AD776100CAD18A /* Task.swift in Sources */ = {isa = PBXBuildFile; fileRef = 575A562024AD776100CAD18A /* Task.swift */; };
		575A562424AD78D800CAD18A /* TaskStore.swift in Sources */ = {isa = PBXBuildFile; fileRef = 575A562324AD78D800CAD18A /* TaskStore.swift */; };
		575A562B24AEE8AB00CAD18A /* NewTaskView.swift in Sources */ = {isa = PBXBuildFile; fileRef = 575A562A24AEE8AB00CAD18A /* NewTaskView.swift */; };
		575F74BA24B61BEF00A3ED86 /* ForEach.swift in Sources */ = {isa = PBXBuildFile; fileRef = 575F74B924B61BEF00A3ED86 /* ForEach.swift */; };
		575F74BC24B61BFA00A3ED86 /* IndexedCollection.swift in Sources */ = {isa = PBXBuildFile; fileRef = 575F74BB24B61BFA00A3ED86 /* IndexedCollection.swift */; };
		575F74BE24B6215100A3ED86 /* Task.Priority.swift in Sources */ = {isa = PBXBuildFile; fileRef = 575F74BD24B6215100A3ED86 /* Task.Priority.swift */; };
		575F74C024B6221A00A3ED86 /* TaskStore.PrioritizedTasks.swift in Sources */ = {isa = PBXBuildFile; fileRef = 575F74BF24B6221A00A3ED86 /* TaskStore.PrioritizedTasks.swift */; };
		575F74C224B6C2D200A3ED86 /* SectionView.swift in Sources */ = {isa = PBXBuildFile; fileRef = 575F74C124B6C2D200A3ED86 /* SectionView.swift */; };
/* End PBXBuildFile section */

/* Begin PBXFileReference section */
		572FC44624B4493000724827 /* RowView.swift */ = {isa = PBXFileReference; lastKnownFileType = sourcecode.swift; path = RowView.swift; sourceTree = "<group>"; };
		572FC44824B5738C00724827 /* TaskEditingView.swift */ = {isa = PBXFileReference; lastKnownFileType = sourcecode.swift; path = TaskEditingView.swift; sourceTree = "<group>"; };
		575A560924AC0B2100CAD18A /* TaskList.app */ = {isa = PBXFileReference; explicitFileType = wrapper.application; includeInIndex = 0; path = TaskList.app; sourceTree = BUILT_PRODUCTS_DIR; };
		575A560C24AC0B2100CAD18A /* AppDelegate.swift */ = {isa = PBXFileReference; lastKnownFileType = sourcecode.swift; path = AppDelegate.swift; sourceTree = "<group>"; };
		575A560E24AC0B2100CAD18A /* SceneDelegate.swift */ = {isa = PBXFileReference; lastKnownFileType = sourcecode.swift; path = SceneDelegate.swift; sourceTree = "<group>"; };
		575A561024AC0B2100CAD18A /* ContentView.swift */ = {isa = PBXFileReference; lastKnownFileType = sourcecode.swift; path = ContentView.swift; sourceTree = "<group>"; };
		575A561224AC0B2300CAD18A /* Assets.xcassets */ = {isa = PBXFileReference; lastKnownFileType = folder.assetcatalog; path = Assets.xcassets; sourceTree = "<group>"; };
		575A561524AC0B2300CAD18A /* Preview Assets.xcassets */ = {isa = PBXFileReference; lastKnownFileType = folder.assetcatalog; path = "Preview Assets.xcassets"; sourceTree = "<group>"; };
		575A561824AC0B2300CAD18A /* Base */ = {isa = PBXFileReference; lastKnownFileType = file.storyboard; name = Base; path = Base.lproj/LaunchScreen.storyboard; sourceTree = "<group>"; };
		575A561A24AC0B2300CAD18A /* Info.plist */ = {isa = PBXFileReference; lastKnownFileType = text.plist.xml; path = Info.plist; sourceTree = "<group>"; };
		575A562024AD776100CAD18A /* Task.swift */ = {isa = PBXFileReference; lastKnownFileType = sourcecode.swift; path = Task.swift; sourceTree = "<group>"; };
		575A562324AD78D800CAD18A /* TaskStore.swift */ = {isa = PBXFileReference; lastKnownFileType = sourcecode.swift; path = TaskStore.swift; sourceTree = "<group>"; };
		575A562A24AEE8AB00CAD18A /* NewTaskView.swift */ = {isa = PBXFileReference; lastKnownFileType = sourcecode.swift; path = NewTaskView.swift; sourceTree = "<group>"; };
		575F74B924B61BEF00A3ED86 /* ForEach.swift */ = {isa = PBXFileReference; fileEncoding = 4; lastKnownFileType = sourcecode.swift; name = ForEach.swift; path = "../../Downloads/P03E04 Binding/Begin/TaskList/extension/ForEach.swift"; sourceTree = "<group>"; };
		575F74BB24B61BFA00A3ED86 /* IndexedCollection.swift */ = {isa = PBXFileReference; fileEncoding = 4; lastKnownFileType = sourcecode.swift; name = IndexedCollection.swift; path = "../../Downloads/P03E04 Binding/Begin/TaskList/extension/IndexedCollection.swift"; sourceTree = "<group>"; };
		575F74BD24B6215100A3ED86 /* Task.Priority.swift */ = {isa = PBXFileReference; lastKnownFileType = sourcecode.swift; path = Task.Priority.swift; sourceTree = "<group>"; };
		575F74BF24B6221A00A3ED86 /* TaskStore.PrioritizedTasks.swift */ = {isa = PBXFileReference; lastKnownFileType = sourcecode.swift; path = TaskStore.PrioritizedTasks.swift; sourceTree = "<group>"; };
		575F74C124B6C2D200A3ED86 /* SectionView.swift */ = {isa = PBXFileReference; lastKnownFileType = sourcecode.swift; path = SectionView.swift; sourceTree = "<group>"; };
/* End PBXFileReference section */

/* Begin PBXFrameworksBuildPhase section */
		575A560624AC0B2100CAD18A /* Frameworks */ = {
			isa = PBXFrameworksBuildPhase;
			buildActionMask = 2147483647;
			files = (
			);
			runOnlyForDeploymentPostprocessing = 0;
		};
/* End PBXFrameworksBuildPhase section */

/* Begin PBXGroup section */
		575A560024AC0B2100CAD18A = {
			isa = PBXGroup;
			children = (
				575F74B824B61BDC00A3ED86 /* extensions */,
				575A560B24AC0B2100CAD18A /* TaskList */,
				575A560A24AC0B2100CAD18A /* Products */,
			);
			sourceTree = "<group>";
		};
		575A560A24AC0B2100CAD18A /* Products */ = {
			isa = PBXGroup;
			children = (
				575A560924AC0B2100CAD18A /* TaskList.app */,
			);
			name = Products;
			sourceTree = "<group>";
		};
		575A560B24AC0B2100CAD18A /* TaskList */ = {
			isa = PBXGroup;
			children = (
				575A560C24AC0B2100CAD18A /* AppDelegate.swift */,
				575A560E24AC0B2100CAD18A /* SceneDelegate.swift */,
				575A562724AEE74C00CAD18A /* Views */,
				575A562224AD77D600CAD18A /* Models */,
				575A561224AC0B2300CAD18A /* Assets.xcassets */,
				575A561724AC0B2300CAD18A /* LaunchScreen.storyboard */,
				575A561A24AC0B2300CAD18A /* Info.plist */,
				575A561424AC0B2300CAD18A /* Preview Content */,
			);
			path = TaskList;
			sourceTree = "<group>";
		};
		575A561424AC0B2300CAD18A /* Preview Content */ = {
			isa = PBXGroup;
			children = (
				575A561524AC0B2300CAD18A /* Preview Assets.xcassets */,
			);
			path = "Preview Content";
			sourceTree = "<group>";
		};
		575A562224AD77D600CAD18A /* Models */ = {
			isa = PBXGroup;
			children = (
				575A562024AD776100CAD18A /* Task.swift */,
				575F74BD24B6215100A3ED86 /* Task.Priority.swift */,
				575A562324AD78D800CAD18A /* TaskStore.swift */,
				575F74BF24B6221A00A3ED86 /* TaskStore.PrioritizedTasks.swift */,
			);
			path = Models;
			sourceTree = "<group>";
		};
		575A562724AEE74C00CAD18A /* Views */ = {
			isa = PBXGroup;
			children = (
				575A561024AC0B2100CAD18A /* ContentView.swift */,
				575F74C124B6C2D200A3ED86 /* SectionView.swift */,
				575A562A24AEE8AB00CAD18A /* NewTaskView.swift */,
				572FC44624B4493000724827 /* RowView.swift */,
				572FC44824B5738C00724827 /* TaskEditingView.swift */,
			);
			path = Views;
			sourceTree = "<group>";
		};
		575F74B824B61BDC00A3ED86 /* extensions */ = {
			isa = PBXGroup;
			children = (
				575F74B924B61BEF00A3ED86 /* ForEach.swift */,
				575F74BB24B61BFA00A3ED86 /* IndexedCollection.swift */,
			);
			name = extensions;
			sourceTree = "<group>";
		};
/* End PBXGroup section */

/* Begin PBXNativeTarget section */
		575A560824AC0B2100CAD18A /* TaskList */ = {
			isa = PBXNativeTarget;
			buildConfigurationList = 575A561D24AC0B2300CAD18A /* Build configuration list for PBXNativeTarget "TaskList" */;
			buildPhases = (
				575A560524AC0B2100CAD18A /* Sources */,
				575A560624AC0B2100CAD18A /* Frameworks */,
				575A560724AC0B2100CAD18A /* Resources */,
			);
			buildRules = (
			);
			dependencies = (
			);
			name = TaskList;
			productName = TaskList;
			productReference = 575A560924AC0B2100CAD18A /* TaskList.app */;
			productType = "com.apple.product-type.application";
		};
/* End PBXNativeTarget section */

/* Begin PBXProject section */
		575A560124AC0B2100CAD18A /* Project object */ = {
			isa = PBXProject;
			attributes = {
				LastSwiftUpdateCheck = 1150;
				LastUpgradeCheck = 1150;
				ORGANIZATIONNAME = "Reggie Daniels";
				TargetAttributes = {
					575A560824AC0B2100CAD18A = {
						CreatedOnToolsVersion = 11.5;
					};
				};
			};
			buildConfigurationList = 575A560424AC0B2100CAD18A /* Build configuration list for PBXProject "TaskList" */;
			compatibilityVersion = "Xcode 9.3";
			developmentRegion = en;
			hasScannedForEncodings = 0;
			knownRegions = (
				en,
				Base,
			);
			mainGroup = 575A560024AC0B2100CAD18A;
			productRefGroup = 575A560A24AC0B2100CAD18A /* Products */;
			projectDirPath = "";
			projectRoot = "";
			targets = (
				575A560824AC0B2100CAD18A /* TaskList */,
			);
		};
/* End PBXProject section */

/* Begin PBXResourcesBuildPhase section */
		575A560724AC0B2100CAD18A /* Resources */ = {
			isa = PBXResourcesBuildPhase;
			buildActionMask = 2147483647;
			files = (
				575A561924AC0B2300CAD18A /* LaunchScreen.storyboard in Resources */,
				575A561624AC0B2300CAD18A /* Preview Assets.xcassets in Resources */,
				575A561324AC0B2300CAD18A /* Assets.xcassets in Resources */,
			);
			runOnlyForDeploymentPostprocessing = 0;
		};
/* End PBXResourcesBuildPhase section */

/* Begin PBXSourcesBuildPhase section */
		575A560524AC0B2100CAD18A /* Sources */ = {
			isa = PBXSourcesBuildPhase;
			buildActionMask = 2147483647;
			files = (
				575A562424AD78D800CAD18A /* TaskStore.swift in Sources */,
				575F74BC24B61BFA00A3ED86 /* IndexedCollection.swift in Sources */,
				575A562B24AEE8AB00CAD18A /* NewTaskView.swift in Sources */,
				572FC44924B5738C00724827 /* TaskEditingView.swift in Sources */,
				575F74BA24B61BEF00A3ED86 /* ForEach.swift in Sources */,
				572FC44724B4493000724827 /* RowView.swift in Sources */,
				575F74BE24B6215100A3ED86 /* Task.Priority.swift in Sources */,
				575A562124AD776100CAD18A /* Task.swift in Sources */,
				575F74C224B6C2D200A3ED86 /* SectionView.swift in Sources */,
				575F74C024B6221A00A3ED86 /* TaskStore.PrioritizedTasks.swift in Sources */,
				575A560D24AC0B2100CAD18A /* AppDelegate.swift in Sources */,
				575A560F24AC0B2100CAD18A /* SceneDelegate.swift in Sources */,
				575A561124AC0B2100CAD18A /* ContentView.swift in Sources */,
			);
			runOnlyForDeploymentPostprocessing = 0;
		};
/* End PBXSourcesBuildPhase section */

/* Begin PBXVariantGroup section */
		575A561724AC0B2300CAD18A /* LaunchScreen.storyboard */ = {
			isa = PBXVariantGroup;
			children = (
				575A561824AC0B2300CAD18A /* Base */,
			);
			name = LaunchScreen.storyboard;
			sourceTree = "<group>";
		};
/* End PBXVariantGroup section */

/* Begin XCBuildConfiguration section */
		575A561B24AC0B2300CAD18A /* Debug */ = {
			isa = XCBuildConfiguration;
			buildSettings = {
				ALWAYS_SEARCH_USER_PATHS = NO;
				CLANG_ANALYZER_NONNULL = YES;
				CLANG_ANALYZER_NUMBER_OBJECT_CONVERSION = YES_AGGRESSIVE;
				CLANG_CXX_LANGUAGE_STANDARD = "gnu++14";
				CLANG_CXX_LIBRARY = "libc++";
				CLANG_ENABLE_MODULES = YES;
				CLANG_ENABLE_OBJC_ARC = YES;
				CLANG_ENABLE_OBJC_WEAK = YES;
				CLANG_WARN_BLOCK_CAPTURE_AUTORELEASING = YES;
				CLANG_WARN_BOOL_CONVERSION = YES;
				CLANG_WARN_COMMA = YES;
				CLANG_WARN_CONSTANT_CONVERSION = YES;
				CLANG_WARN_DEPRECATED_OBJC_IMPLEMENTATIONS = YES;
				CLANG_WARN_DIRECT_OBJC_ISA_USAGE = YES_ERROR;
				CLANG_WARN_DOCUMENTATION_COMMENTS = YES;
				CLANG_WARN_EMPTY_BODY = YES;
				CLANG_WARN_ENUM_CONVERSION = YES;
				CLANG_WARN_INFINITE_RECURSION = YES;
				CLANG_WARN_INT_CONVERSION = YES;
				CLANG_WARN_NON_LITERAL_NULL_CONVERSION = YES;
				CLANG_WARN_OBJC_IMPLICIT_RETAIN_SELF = YES;
				CLANG_WARN_OBJC_LITERAL_CONVERSION = YES;
				CLANG_WARN_OBJC_ROOT_CLASS = YES_ERROR;
				CLANG_WARN_RANGE_LOOP_ANALYSIS = YES;
				CLANG_WARN_STRICT_PROTOTYPES = YES;
				CLANG_WARN_SUSPICIOUS_MOVE = YES;
				CLANG_WARN_UNGUARDED_AVAILABILITY = YES_AGGRESSIVE;
				CLANG_WARN_UNREACHABLE_CODE = YES;
				CLANG_WARN__DUPLICATE_METHOD_MATCH = YES;
				COPY_PHASE_STRIP = NO;
				DEBUG_INFORMATION_FORMAT = dwarf;
				ENABLE_STRICT_OBJC_MSGSEND = YES;
				ENABLE_TESTABILITY = YES;
				GCC_C_LANGUAGE_STANDARD = gnu11;
				GCC_DYNAMIC_NO_PIC = NO;
				GCC_NO_COMMON_BLOCKS = YES;
				GCC_OPTIMIZATION_LEVEL = 0;
				GCC_PREPROCESSOR_DEFINITIONS = (
					"DEBUG=1",
					"$(inherited)",
				);
				GCC_WARN_64_TO_32_BIT_CONVERSION = YES;
				GCC_WARN_ABOUT_RETURN_TYPE = YES_ERROR;
				GCC_WARN_UNDECLARED_SELECTOR = YES;
				GCC_WARN_UNINITIALIZED_AUTOS = YES_AGGRESSIVE;
				GCC_WARN_UNUSED_FUNCTION = YES;
				GCC_WARN_UNUSED_VARIABLE = YES;
				IPHONEOS_DEPLOYMENT_TARGET = 13.5;
				MTL_ENABLE_DEBUG_INFO = INCLUDE_SOURCE;
				MTL_FAST_MATH = YES;
				ONLY_ACTIVE_ARCH = YES;
				SDKROOT = iphoneos;
				SWIFT_ACTIVE_COMPILATION_CONDITIONS = DEBUG;
				SWIFT_OPTIMIZATION_LEVEL = "-Onone";
			};
			name = Debug;
		};
		575A561C24AC0B2300CAD18A /* Release */ = {
			isa = XCBuildConfiguration;
			buildSettings = {
				ALWAYS_SEARCH_USER_PATHS = NO;
				CLANG_ANALYZER_NONNULL = YES;
				CLANG_ANALYZER_NUMBER_OBJECT_CONVERSION = YES_AGGRESSIVE;
				CLANG_CXX_LANGUAGE_STANDARD = "gnu++14";
				CLANG_CXX_LIBRARY = "libc++";
				CLANG_ENABLE_MODULES = YES;
				CLANG_ENABLE_OBJC_ARC = YES;
				CLANG_ENABLE_OBJC_WEAK = YES;
				CLANG_WARN_BLOCK_CAPTURE_AUTORELEASING = YES;
				CLANG_WARN_BOOL_CONVERSION = YES;
				CLANG_WARN_COMMA = YES;
				CLANG_WARN_CONSTANT_CONVERSION = YES;
				CLANG_WARN_DEPRECATED_OBJC_IMPLEMENTATIONS = YES;
				CLANG_WARN_DIRECT_OBJC_ISA_USAGE = YES_ERROR;
				CLANG_WARN_DOCUMENTATION_COMMENTS = YES;
				CLANG_WARN_EMPTY_BODY = YES;
				CLANG_WARN_ENUM_CONVERSION = YES;
				CLANG_WARN_INFINITE_RECURSION = YES;
				CLANG_WARN_INT_CONVERSION = YES;
				CLANG_WARN_NON_LITERAL_NULL_CONVERSION = YES;
				CLANG_WARN_OBJC_IMPLICIT_RETAIN_SELF = YES;
				CLANG_WARN_OBJC_LITERAL_CONVERSION = YES;
				CLANG_WARN_OBJC_ROOT_CLASS = YES_ERROR;
				CLANG_WARN_RANGE_LOOP_ANALYSIS = YES;
				CLANG_WARN_STRICT_PROTOTYPES = YES;
				CLANG_WARN_SUSPICIOUS_MOVE = YES;
				CLANG_WARN_UNGUARDED_AVAILABILITY = YES_AGGRESSIVE;
				CLANG_WARN_UNREACHABLE_CODE = YES;
				CLANG_WARN__DUPLICATE_METHOD_MATCH = YES;
				COPY_PHASE_STRIP = NO;
				DEBUG_INFORMATION_FORMAT = "dwarf-with-dsym";
				ENABLE_NS_ASSERTIONS = NO;
				ENABLE_STRICT_OBJC_MSGSEND = YES;
				GCC_C_LANGUAGE_STANDARD = gnu11;
				GCC_NO_COMMON_BLOCKS = YES;
				GCC_WARN_64_TO_32_BIT_CONVERSION = YES;
				GCC_WARN_ABOUT_RETURN_TYPE = YES_ERROR;
				GCC_WARN_UNDECLARED_SELECTOR = YES;
				GCC_WARN_UNINITIALIZED_AUTOS = YES_AGGRESSIVE;
				GCC_WARN_UNUSED_FUNCTION = YES;
				GCC_WARN_UNUSED_VARIABLE = YES;
				IPHONEOS_DEPLOYMENT_TARGET = 13.5;
				MTL_ENABLE_DEBUG_INFO = NO;
				MTL_FAST_MATH = YES;
				SDKROOT = iphoneos;
				SWIFT_COMPILATION_MODE = wholemodule;
				SWIFT_OPTIMIZATION_LEVEL = "-O";
				VALIDATE_PRODUCT = YES;
			};
			name = Release;
		};
		575A561E24AC0B2300CAD18A /* Debug */ = {
			isa = XCBuildConfiguration;
			buildSettings = {
				ASSETCATALOG_COMPILER_APPICON_NAME = AppIcon;
				CODE_SIGN_STYLE = Automatic;
				DEVELOPMENT_ASSET_PATHS = "\"TaskList/Preview Content\"";
				DEVELOPMENT_TEAM = WRZHK8S4W4;
				ENABLE_PREVIEWS = YES;
				INFOPLIST_FILE = TaskList/Info.plist;
				LD_RUNPATH_SEARCH_PATHS = (
					"$(inherited)",
					"@executable_path/Frameworks",
				);
				PRODUCT_BUNDLE_IDENTIFIER = BandCamp.TaskList;
				PRODUCT_NAME = "$(TARGET_NAME)";
				SWIFT_VERSION = 5.0;
				TARGETED_DEVICE_FAMILY = "1,2";
			};
			name = Debug;
		};
		575A561F24AC0B2300CAD18A /* Release */ = {
			isa = XCBuildConfiguration;
			buildSettings = {
				ASSETCATALOG_COMPILER_APPICON_NAME = AppIcon;
				CODE_SIGN_STYLE = Automatic;
				DEVELOPMENT_ASSET_PATHS = "\"TaskList/Preview Content\"";
				DEVELOPMENT_TEAM = WRZHK8S4W4;
				ENABLE_PREVIEWS = YES;
				INFOPLIST_FILE = TaskList/Info.plist;
				LD_RUNPATH_SEARCH_PATHS = (
					"$(inherited)",
					"@executable_path/Frameworks",
				);
				PRODUCT_BUNDLE_IDENTIFIER = BandCamp.TaskList;
				PRODUCT_NAME = "$(TARGET_NAME)";
				SWIFT_VERSION = 5.0;
				TARGETED_DEVICE_FAMILY = "1,2";
			};
			name = Release;
		};
/* End XCBuildConfiguration section */

/* Begin XCConfigurationList section */
		575A560424AC0B2100CAD18A /* Build configuration list for PBXProject "TaskList" */ = {
			isa = XCConfigurationList;
			buildConfigurations = (
				575A561B24AC0B2300CAD18A /* Debug */,
				575A561C24AC0B2300CAD18A /* Release */,
			);
			defaultConfigurationIsVisible = 0;
			defaultConfigurationName = Release;
		};
		575A561D24AC0B2300CAD18A /* Build configuration list for PBXNativeTarget "TaskList" */ = {
			isa = XCConfigurationList;
			buildConfigurations = (
				575A561E24AC0B2300CAD18A /* Debug */,
				575A561F24AC0B2300CAD18A /* Release */,
			);
			defaultConfigurationIsVisible = 0;
			defaultConfigurationName = Release;
		};
/* End XCConfigurationList section */
	};
	rootObject = 575A560124AC0B2100CAD18A /* Project object */;
}
